{
  "name": "Softwareentwicklung_KI",
  "lockfileVersion": 3,
  "requires": true,
  "packages": {
    "": {
      "dependencies": {
        "@azure/mcp-win32-x64": "^3.0.0-beta.2"
      }
    },
    "node_modules/@azure/mcp-win32-x64": {
      "version": "3.0.0-beta.2",
      "resolved": "https://registry.npmjs.org/@azure/mcp-win32-x64/-/mcp-win32-x64-3.0.0-beta.2.tgz",
      "integrity": "sha512-BiCFwmRKwpw0+Rt9qdXfvGHDnNZi8gBpzxVfoz7b+Y4hXXyKAItdJNai034odARe4d9yloTdNrZDP3ChxR6iKg==",
      "cpu": [
        "x64"
      ],
      "license": "MIT",
      "os": [
        "win32"
      ],
      "bin": {
        "azmcp-win32-x64": "dist/azmcp.exe"
      },
      "engines": {
        "node": ">=20.0.0"
      }
    }
  }
}
