{
  "name": "Softwareentwicklung_KI",
  "lockfileVersion": 3,
  "requires": true,
  "packages": {
    "": {
      "dependencies": {
        "@azure/mcp-win32-x64": "^2.0.0-beta.39"
      }
    },
    "node_modules/@azure/mcp-win32-x64": {
      "version": "2.0.0-beta.39",
      "resolved": "https://registry.npmjs.org/@azure/mcp-win32-x64/-/mcp-win32-x64-2.0.0-beta.39.tgz",
      "integrity": "sha512-bk6EQqFXH2U2M5Vlg75C1lbvH3t8VWpfp62GOvj5m23wWFWXvAPBrXGei4keRNmIFw2QYj478FrHkNaZG6LjjA==",
      "cpu": [
        "x64"
      ],
      "license": "MIT",
      "os": [
        "win32"
      ],
      "bin": {
        "azmcp-win32-x64": "dist/azmcp.exe"
      },
      "engines": {
        "node": ">=20.0.0"
      }
    }
  }
}
