{
  "name": "Softwareentwicklung_KI",
  "lockfileVersion": 3,
  "requires": true,
  "packages": {
    "": {
      "dependencies": {
        "@azure/mcp-win32-x64": "^2.0.0-beta.38"
      }
    },
    "node_modules/@azure/mcp-win32-x64": {
      "version": "2.0.0-beta.38",
      "resolved": "https://registry.npmjs.org/@azure/mcp-win32-x64/-/mcp-win32-x64-2.0.0-beta.38.tgz",
      "integrity": "sha512-+xU8d7dfKSoDWI0miINzV2UtDG67X5rxgAGdCNPRC79EiSGL59Vr4TIDEFb3UVAjmJ8gz3wRQCz2eVPDH7TEbg==",
      "cpu": [
        "x64"
      ],
      "license": "MIT",
      "os": [
        "win32"
      ],
      "bin": {
        "azmcp-win32-x64": "dist/azmcp.exe"
      },
      "engines": {
        "node": ">=20.0.0"
      }
    }
  }
}
